
Microsoft Visual Studio Solution File, Format Version 12.00
# Visual Studio 15
VisualStudioVersion = 15.0.28307.902
MinimumVisualStudioVersion = 10.0.40219.1
Project("{FAE04EC0-301F-11D3-BF4B-00C04F79EFBC}") = "ConsultarCep.Android", "ConsultarCep\ConsultarCep.Android\ConsultarCep.Android.csproj", "{3B7C79CC-646A-4884-A3D9-0B4EDD2A77CA}"
EndProject
Project("{FAE04EC0-301F-11D3-BF4B-00C04F79EFBC}") = "ConsultarCep.iOS", "ConsultarCep\ConsultarCep.iOS\ConsultarCep.iOS.csproj", "{0C062143-5EFA-4C31-B707-34E760D8059D}"
EndProject
Project("{FAE04EC0-301F-11D3-BF4B-00C04F79EFBC}") = "ConsultarCep", "ConsultarCep\ConsultarCep\ConsultarCep.csproj", "{BB93D416-1B1D-4A7C-96B3-D32EFFA8F703}"
EndProject
Global
	GlobalSection(SolutionConfigurationPlatforms) = preSolution
		Ad-Hoc|Any CPU = Ad-Hoc|Any CPU
		Ad-Hoc|iPhone = Ad-Hoc|iPhone
		Ad-Hoc|iPhoneSimulator = Ad-Hoc|iPhoneSimulator
		AppStore|Any CPU = AppStore|Any CPU
		AppStore|iPhone = AppStore|iPhone
		AppStore|iPhoneSimulator = AppStore|iPhoneSimulator
		Debug|Any CPU = Debug|Any CPU
		Debug|iPhone = Debug|iPhone
		Debug|iPhoneSimulator = Debug|iPhoneSimulator
		Release|Any CPU = Release|Any CPU
		Release|iPhone = Release|iPhone
		Release|iPhoneSimulator = Release|iPhoneSimulator
	EndGlobalSection
	GlobalSection(ProjectConfigurationPlatforms) = postSolution
		{3B7C79CC-646A-4884-A3D9-0B4EDD2A77CA}.Ad-Hoc|Any CPU.ActiveCfg = Release|Any CPU
		{3B7C79CC-646A-4884-A3D9-0B4EDD2A77CA}.Ad-Hoc|Any CPU.Build.0 = Release|Any CPU
		{3B7C79CC-646A-4884-A3D9-0B4EDD2A77CA}.Ad-Hoc|Any CPU.Deploy.0 = Release|Any CPU
		{3B7C79CC-646A-4884-A3D9-0B4EDD2A77CA}.Ad-Hoc|iPhone.ActiveCfg = Release|Any CPU
		{3B7C79CC-646A-4884-A3D9-0B4EDD2A77CA}.Ad-Hoc|iPhone.Build.0 = Release|Any CPU
		{3B7C79CC-646A-4884-A3D9-0B4EDD2A77CA}.Ad-Hoc|iPhone.Deploy.0 = Release|Any CPU
		{3B7C79CC-646A-4884-A3D9-0B4EDD2A77CA}.Ad-Hoc|iPhoneSimulator.ActiveCfg = Release|Any CPU
		{3B7C79CC-646A-4884-A3D9-0B4EDD2A77CA}.Ad-Hoc|iPhoneSimulator.Build.0 = Release|Any CPU
		{3B7C79CC-646A-4884-A3D9-0B4EDD2A77CA}.Ad-Hoc|iPhoneSimulator.Deploy.0 = Release|Any CPU
		{3B7C79CC-646A-4884-A3D9-0B4EDD2A77CA}.AppStore|Any CPU.ActiveCfg = Release|Any CPU
		{3B7C79CC-646A-4884-A3D9-0B4EDD2A77CA}.AppStore|Any CPU.Build.0 = Release|Any CPU
		{3B7C79CC-646A-4884-A3D9-0B4EDD2A77CA}.AppStore|Any CPU.Deploy.0 = Release|Any CPU
		{3B7C79CC-646A-4884-A3D9-0B4EDD2A77CA}.AppStore|iPhone.ActiveCfg = Release|Any CPU
		{3B7C79CC-646A-4884-A3D9-0B4EDD2A77CA}.AppStore|iPhone.Build.0 = Release|Any CPU
		{3B7C79CC-646A-4884-A3D9-0B4EDD2A77CA}.AppStore|iPhone.Deploy.0 = Release|Any CPU
		{3B7C79CC-646A-4884-A3D9-0B4EDD2A77CA}.AppStore|iPhoneSimulator.ActiveCfg = Release|Any CPU
		{3B7C79CC-646A-4884-A3D9-0B4EDD2A77CA}.AppStore|iPhoneSimulator.Build.0 = Release|Any CPU
		{3B7C79CC-646A-4884-A3D9-0B4EDD2A77CA}.AppStore|iPhoneSimulator.Deploy.0 = Release|Any CPU
		{3B7C79CC-646A-4884-A3D9-0B4EDD2A77CA}.Debug|Any CPU.ActiveCfg = Debug|Any CPU
		{3B7C79CC-646A-4884-A3D9-0B4EDD2A77CA}.Debug|Any CPU.Build.0 = Debug|Any CPU
		{3B7C79CC-646A-4884-A3D9-0B4EDD2A77CA}.Debug|Any CPU.Deploy.0 = Debug|Any CPU
		{3B7C79CC-646A-4884-A3D9-0B4EDD2A77CA}.Debug|iPhone.ActiveCfg = Debug|Any CPU
		{3B7C79CC-646A-4884-A3D9-0B4EDD2A77CA}.Debug|iPhone.Build.0 = Debug|Any CPU
		{3B7C79CC-646A-4884-A3D9-0B4EDD2A77CA}.Debug|iPhone.Deploy.0 = Debug|Any CPU
		{3B7C79CC-646A-4884-A3D9-0B4EDD2A77CA}.Debug|iPhoneSimulator.ActiveCfg = Debug|Any CPU
		{3B7C79CC-646A-4884-A3D9-0B4EDD2A77CA}.Debug|iPhoneSimulator.Build.0 = Debug|Any CPU
		{3B7C79CC-646A-4884-A3D9-0B4EDD2A77CA}.Debug|iPhoneSimulator.Deploy.0 = Debug|Any CPU
		{3B7C79CC-646A-4884-A3D9-0B4EDD2A77CA}.Release|Any CPU.ActiveCfg = Release|Any CPU
		{3B7C79CC-646A-4884-A3D9-0B4EDD2A77CA}.Release|Any CPU.Build.0 = Release|Any CPU
		{3B7C79CC-646A-4884-A3D9-0B4EDD2A77CA}.Release|Any CPU.Deploy.0 = Release|Any CPU
		{3B7C79CC-646A-4884-A3D9-0B4EDD2A77CA}.Release|iPhone.ActiveCfg = Release|Any CPU
		{3B7C79CC-646A-4884-A3D9-0B4EDD2A77CA}.Release|iPhone.Build.0 = Release|Any CPU
		{3B7C79CC-646A-4884-A3D9-0B4EDD2A77CA}.Release|iPhone.Deploy.0 = Release|Any CPU
		{3B7C79CC-646A-4884-A3D9-0B4EDD2A77CA}.Release|iPhoneSimulator.ActiveCfg = Release|Any CPU
		{3B7C79CC-646A-4884-A3D9-0B4EDD2A77CA}.Release|iPhoneSimulator.Build.0 = Release|Any CPU
		{3B7C79CC-646A-4884-A3D9-0B4EDD2A77CA}.Release|iPhoneSimulator.Deploy.0 = Release|Any CPU
		{0C062143-5EFA-4C31-B707-34E760D8059D}.Ad-Hoc|Any CPU.ActiveCfg = Ad-Hoc|iPhone
		{0C062143-5EFA-4C31-B707-34E760D8059D}.Ad-Hoc|Any CPU.Build.0 = Ad-Hoc|iPhone
		{0C062143-5EFA-4C31-B707-34E760D8059D}.Ad-Hoc|Any CPU.Deploy.0 = Ad-Hoc|iPhone
		{0C062143-5EFA-4C31-B707-34E760D8059D}.Ad-Hoc|iPhone.ActiveCfg = Ad-Hoc|iPhone
		{0C062143-5EFA-4C31-B707-34E760D8059D}.Ad-Hoc|iPhone.Build.0 = Ad-Hoc|iPhone
		{0C062143-5EFA-4C31-B707-34E760D8059D}.Ad-Hoc|iPhone.Deploy.0 = Ad-Hoc|iPhone
		{0C062143-5EFA-4C31-B707-34E760D8059D}.Ad-Hoc|iPhoneSimulator.ActiveCfg = Ad-Hoc|iPhoneSimulator
		{0C062143-5EFA-4C31-B707-34E760D8059D}.Ad-Hoc|iPhoneSimulator.Build.0 = Ad-Hoc|iPhoneSimulator
		{0C062143-5EFA-4C31-B707-34E760D8059D}.Ad-Hoc|iPhoneSimulator.Deploy.0 = Ad-Hoc|iPhoneSimulator
		{0C062143-5EFA-4C31-B707-34E760D8059D}.AppStore|Any CPU.ActiveCfg = AppStore|iPhone
		{0C062143-5EFA-4C31-B707-34E760D8059D}.AppStore|Any CPU.Build.0 = AppStore|iPhone
		{0C062143-5EFA-4C31-B707-34E760D8059D}.AppStore|Any CPU.Deploy.0 = AppStore|iPhone
		{0C062143-5EFA-4C31-B707-34E760D8059D}.AppStore|iPhone.ActiveCfg = AppStore|iPhone
		{0C062143-5EFA-4C31-B707-34E760D8059D}.AppStore|iPhone.Build.0 = AppStore|iPhone
		{0C062143-5EFA-4C31-B707-34E760D8059D}.AppStore|iPhone.Deploy.0 = AppStore|iPhone
		{0C062143-5EFA-4C31-B707-34E760D8059D}.AppStore|iPhoneSimulator.ActiveCfg = AppStore|iPhoneSimulator
		{0C062143-5EFA-4C31-B707-34E760D8059D}.AppStore|iPhoneSimulator.Build.0 = AppStore|iPhoneSimulator
		{0C062143-5EFA-4C31-B707-34E760D8059D}.AppStore|iPhoneSimulator.Deploy.0 = AppStore|iPhoneSimulator
		{0C062143-5EFA-4C31-B707-34E760D8059D}.Debug|Any CPU.ActiveCfg = Debug|iPhoneSimulator
		{0C062143-5EFA-4C31-B707-34E760D8059D}.Debug|Any CPU.Build.0 = Debug|iPhoneSimulator
		{0C062143-5EFA-4C31-B707-34E760D8059D}.Debug|Any CPU.Deploy.0 = Debug|iPhoneSimulator
		{0C062143-5EFA-4C31-B707-34E760D8059D}.Debug|iPhone.ActiveCfg = Debug|iPhone
		{0C062143-5EFA-4C31-B707-34E760D8059D}.Debug|iPhone.Build.0 = Debug|iPhone
		{0C062143-5EFA-4C31-B707-34E760D8059D}.Debug|iPhone.Deploy.0 = Debug|iPhone
		{0C062143-5EFA-4C31-B707-34E760D8059D}.Debug|iPhoneSimulator.ActiveCfg = Debug|iPhoneSimulator
		{0C062143-5EFA-4C31-B707-34E760D8059D}.Debug|iPhoneSimulator.Build.0 = Debug|iPhoneSimulator
		{0C062143-5EFA-4C31-B707-34E760D8059D}.Debug|iPhoneSimulator.Deploy.0 = Debug|iPhoneSimulator
		{0C062143-5EFA-4C31-B707-34E760D8059D}.Release|Any CPU.ActiveCfg = Release|iPhone
		{0C062143-5EFA-4C31-B707-34E760D8059D}.Release|Any CPU.Build.0 = Release|iPhone
		{0C062143-5EFA-4C31-B707-34E760D8059D}.Release|Any CPU.Deploy.0 = Release|iPhone
		{0C062143-5EFA-4C31-B707-34E760D8059D}.Release|iPhone.ActiveCfg = Release|iPhone
		{0C062143-5EFA-4C31-B707-34E760D8059D}.Release|iPhone.Build.0 = Release|iPhone
		{0C062143-5EFA-4C31-B707-34E760D8059D}.Release|iPhone.Deploy.0 = Release|iPhone
		{0C062143-5EFA-4C31-B707-34E760D8059D}.Release|iPhoneSimulator.ActiveCfg = Release|iPhoneSimulator
		{0C062143-5EFA-4C31-B707-34E760D8059D}.Release|iPhoneSimulator.Build.0 = Release|iPhoneSimulator
		{0C062143-5EFA-4C31-B707-34E760D8059D}.Release|iPhoneSimulator.Deploy.0 = Release|iPhoneSimulator
		{BB93D416-1B1D-4A7C-96B3-D32EFFA8F703}.Ad-Hoc|Any CPU.ActiveCfg = Debug|Any CPU
		{BB93D416-1B1D-4A7C-96B3-D32EFFA8F703}.Ad-Hoc|Any CPU.Build.0 = Debug|Any CPU
		{BB93D416-1B1D-4A7C-96B3-D32EFFA8F703}.Ad-Hoc|Any CPU.Deploy.0 = Debug|Any CPU
		{BB93D416-1B1D-4A7C-96B3-D32EFFA8F703}.Ad-Hoc|iPhone.ActiveCfg = Debug|Any CPU
		{BB93D416-1B1D-4A7C-96B3-D32EFFA8F703}.Ad-Hoc|iPhone.Build.0 = Debug|Any CPU
		{BB93D416-1B1D-4A7C-96B3-D32EFFA8F703}.Ad-Hoc|iPhone.Deploy.0 = Debug|Any CPU
		{BB93D416-1B1D-4A7C-96B3-D32EFFA8F703}.Ad-Hoc|iPhoneSimulator.ActiveCfg = Debug|Any CPU
		{BB93D416-1B1D-4A7C-96B3-D32EFFA8F703}.Ad-Hoc|iPhoneSimulator.Build.0 = Debug|Any CPU
		{BB93D416-1B1D-4A7C-96B3-D32EFFA8F703}.Ad-Hoc|iPhoneSimulator.Deploy.0 = Debug|Any CPU
		{BB93D416-1B1D-4A7C-96B3-D32EFFA8F703}.AppStore|Any CPU.ActiveCfg = Debug|Any CPU
		{BB93D416-1B1D-4A7C-96B3-D32EFFA8F703}.AppStore|Any CPU.Build.0 = Debug|Any CPU
		{BB93D416-1B1D-4A7C-96B3-D32EFFA8F703}.AppStore|Any CPU.Deploy.0 = Debug|Any CPU
		{BB93D416-1B1D-4A7C-96B3-D32EFFA8F703}.AppStore|iPhone.ActiveCfg = Debug|Any CPU
		{BB93D416-1B1D-4A7C-96B3-D32EFFA8F703}.AppStore|iPhone.Build.0 = Debug|Any CPU
		{BB93D416-1B1D-4A7C-96B3-D32EFFA8F703}.AppStore|iPhone.Deploy.0 = Debug|Any CPU
		{BB93D416-1B1D-4A7C-96B3-D32EFFA8F703}.AppStore|iPhoneSimulator.ActiveCfg = Debug|Any CPU
		{BB93D416-1B1D-4A7C-96B3-D32EFFA8F703}.AppStore|iPhoneSimulator.Build.0 = Debug|Any CPU
		{BB93D416-1B1D-4A7C-96B3-D32EFFA8F703}.AppStore|iPhoneSimulator.Deploy.0 = Debug|Any CPU
		{BB93D416-1B1D-4A7C-96B3-D32EFFA8F703}.Debug|Any CPU.ActiveCfg = Debug|Any CPU
		{BB93D416-1B1D-4A7C-96B3-D32EFFA8F703}.Debug|Any CPU.Build.0 = Debug|Any CPU
		{BB93D416-1B1D-4A7C-96B3-D32EFFA8F703}.Debug|Any CPU.Deploy.0 = Debug|Any CPU
		{BB93D416-1B1D-4A7C-96B3-D32EFFA8F703}.Debug|iPhone.ActiveCfg = Debug|Any CPU
		{BB93D416-1B1D-4A7C-96B3-D32EFFA8F703}.Debug|iPhone.Build.0 = Debug|Any CPU
		{BB93D416-1B1D-4A7C-96B3-D32EFFA8F703}.Debug|iPhone.Deploy.0 = Debug|Any CPU
		{BB93D416-1B1D-4A7C-96B3-D32EFFA8F703}.Debug|iPhoneSimulator.ActiveCfg = Debug|Any CPU
		{BB93D416-1B1D-4A7C-96B3-D32EFFA8F703}.Debug|iPhoneSimulator.Build.0 = Debug|Any CPU
		{BB93D416-1B1D-4A7C-96B3-D32EFFA8F703}.Debug|iPhoneSimulator.Deploy.0 = Debug|Any CPU
		{BB93D416-1B1D-4A7C-96B3-D32EFFA8F703}.Release|Any CPU.ActiveCfg = Release|Any CPU
		{BB93D416-1B1D-4A7C-96B3-D32EFFA8F703}.Release|Any CPU.Build.0 = Release|Any CPU
		{BB93D416-1B1D-4A7C-96B3-D32EFFA8F703}.Release|Any CPU.Deploy.0 = Release|Any CPU
		{BB93D416-1B1D-4A7C-96B3-D32EFFA8F703}.Release|iPhone.ActiveCfg = Release|Any CPU
		{BB93D416-1B1D-4A7C-96B3-D32EFFA8F703}.Release|iPhone.Build.0 = Release|Any CPU
		{BB93D416-1B1D-4A7C-96B3-D32EFFA8F703}.Release|iPhone.Deploy.0 = Release|Any CPU
		{BB93D416-1B1D-4A7C-96B3-D32EFFA8F703}.Release|iPhoneSimulator.ActiveCfg = Release|Any CPU
		{BB93D416-1B1D-4A7C-96B3-D32EFFA8F703}.Release|iPhoneSimulator.Build.0 = Release|Any CPU
		{BB93D416-1B1D-4A7C-96B3-D32EFFA8F703}.Release|iPhoneSimulator.Deploy.0 = Release|Any CPU
	EndGlobalSection
	GlobalSection(SolutionProperties) = preSolution
		HideSolutionNode = FALSE
	EndGlobalSection
	GlobalSection(ExtensibilityGlobals) = postSolution
		SolutionGuid = {FE6136E2-D47C-4B5D-A352-2FA3C64CD38C}
	EndGlobalSection
EndGlobal
